// !$*UTF8*$!
{
	archiveVersion = 1;
	classes = {
	};
	objectVersion = 46;
	objects = {

/* Begin PBXBuildFile section */
		9A411A231A9555AE001544CF /* main.m in Sources */ = {isa = PBXBuildFile; fileRef = 9A411A221A9555AE001544CF /* main.m */; };
		9A411A261A9555AE001544CF /* AppDelegate.m in Sources */ = {isa = PBXBuildFile; fileRef = 9A411A251A9555AE001544CF /* AppDelegate.m */; };
		9A411A291A9555AE001544CF /* HGInstagram.xcdatamodeld in Sources */ = {isa = PBXBuildFile; fileRef = 9A411A271A9555AE001544CF /* HGInstagram.xcdatamodeld */; };
		9A411A2C1A9555AE001544CF /* ViewController.m in Sources */ = {isa = PBXBuildFile; fileRef = 9A411A2B1A9555AE001544CF /* ViewController.m */; };
		9A411A2F1A9555AE001544CF /* Main.storyboard in Resources */ = {isa = PBXBuildFile; fileRef = 9A411A2D1A9555AE001544CF /* Main.storyboard */; };
		9A411A311A9555AE001544CF /* Images.xcassets in Resources */ = {isa = PBXBuildFile; fileRef = 9A411A301A9555AE001544CF /* Images.xcassets */; };
		9A411A341A9555AE001544CF /* LaunchScreen.xib in Resources */ = {isa = PBXBuildFile; fileRef = 9A411A321A9555AE001544CF /* LaunchScreen.xib */; };
		9A411A401A9555AE001544CF /* HGInstagramTests.m in Sources */ = {isa = PBXBuildFile; fileRef = 9A411A3F1A9555AE001544CF /* HGInstagramTests.m */; };
		9A411A4A1A956049001544CF /* FacebookSDK.framework in Frameworks */ = {isa = PBXBuildFile; fileRef = 9A411A491A956049001544CF /* FacebookSDK.framework */; };
/* End PBXBuildFile section */

/* Begin PBXContainerItemProxy section */
		9A411A3A1A9555AE001544CF /* PBXContainerItemProxy */ = {
			isa = PBXContainerItemProxy;
			containerPortal = 9A411A151A9555AE001544CF /* Project object */;
			proxyType = 1;
			remoteGlobalIDString = 9A411A1C1A9555AE001544CF;
			remoteInfo = HGInstagram;
		};
/* End PBXContainerItemProxy section */

/* Begin PBXFileReference section */
		9A411A1D1A9555AE001544CF /* HGInstagram.app */ = {isa = PBXFileReference; explicitFileType = wrapper.application; includeInIndex = 0; path = HGInstagram.app; sourceTree = BUILT_PRODUCTS_DIR; };
		9A411A211A9555AE001544CF /* Info.plist */ = {isa = PBXFileReference; lastKnownFileType = text.plist.xml; path = Info.plist; sourceTree = "<group>"; };
		9A411A221A9555AE001544CF /* main.m */ = {isa = PBXFileReference; lastKnownFileType = sourcecode.c.objc; path = main.m; sourceTree = "<group>"; };
		9A411A241A9555AE001544CF /* AppDelegate.h */ = {isa = PBXFileReference; lastKnownFileType = sourcecode.c.h; path = AppDelegate.h; sourceTree = "<group>"; };
		9A411A251A9555AE001544CF /* AppDelegate.m */ = {isa = PBXFileReference; lastKnownFileType = sourcecode.c.objc; path = AppDelegate.m; sourceTree = "<group>"; };
		9A411A281A9555AE001544CF /* HGInstagram.xcdatamodel */ = {isa = PBXFileReference; lastKnownFileType = wrapper.xcdatamodel; path = HGInstagram.xcdatamodel; sourceTree = "<group>"; };
		9A411A2A1A9555AE001544CF /* ViewController.h */ = {isa = PBXFileReference; lastKnownFileType = sourcecode.c.h; path = ViewController.h; sourceTree = "<group>"; };
		9A411A2B1A9555AE001544CF /* ViewController.m */ = {isa = PBXFileReference; lastKnownFileType = sourcecode.c.objc; path = ViewController.m; sourceTree = "<group>"; };
		9A411A2E1A9555AE001544CF /* Base */ = {isa = PBXFileReference; lastKnownFileType = file.storyboard; name = Base; path = Base.lproj/Main.storyboard; sourceTree = "<group>"; };
		9A411A301A9555AE001544CF /* Images.xcassets */ = {isa = PBXFileReference; lastKnownFileType = folder.assetcatalog; path = Images.xcassets; sourceTree = "<group>"; };
		9A411A331A9555AE001544CF /* Base */ = {isa = PBXFileReference; lastKnownFileType = file.xib; name = Base; path = Base.lproj/LaunchScreen.xib; sourceTree = "<group>"; };
		9A411A391A9555AE001544CF /* HGInstagramTests.xctest */ = {isa = PBXFileReference; explicitFileType = wrapper.cfbundle; includeInIndex = 0; path = HGInstagramTests.xctest; sourceTree = BUILT_PRODUCTS_DIR; };
		9A411A3E1A9555AE001544CF /* Info.plist */ = {isa = PBXFileReference; lastKnownFileType = text.plist.xml; path = Info.plist; sourceTree = "<group>"; };
		9A411A3F1A9555AE001544CF /* HGInstagramTests.m */ = {isa = PBXFileReference; lastKnownFileType = sourcecode.c.objc; path = HGInstagramTests.m; sourceTree = "<group>"; };
		9A411A491A956049001544CF /* FacebookSDK.framework */ = {isa = PBXFileReference; lastKnownFileType = wrapper.framework; path = FacebookSDK.framework; sourceTree = "<group>"; };
/* End PBXFileReference section */

/* Begin PBXFrameworksBuildPhase section */
		9A411A1A1A9555AE001544CF /* Frameworks */ = {
			isa = PBXFrameworksBuildPhase;
			buildActionMask = 2147483647;
			files = (
				9A411A4A1A956049001544CF /* FacebookSDK.framework in Frameworks */,
			);
			runOnlyForDeploymentPostprocessing = 0;
		};
		9A411A361A9555AE001544CF /* Frameworks */ = {
			isa = PBXFrameworksBuildPhase;
			buildActionMask = 2147483647;
			files = (
			);
			runOnlyForDeploymentPostprocessing = 0;
		};
/* End PBXFrameworksBuildPhase section */

/* Begin PBXGroup section */
		9A411A141A9555AE001544CF = {
			isa = PBXGroup;
			children = (
				9A411A1F1A9555AE001544CF /* HGInstagram */,
				9A411A3C1A9555AE001544CF /* HGInstagramTests */,
				9A411A1E1A9555AE001544CF /* Products */,
				9A411A491A956049001544CF /* FacebookSDK.framework */,
			);
			sourceTree = "<group>";
		};
		9A411A1E1A9555AE001544CF /* Products */ = {
			isa = PBXGroup;
			children = (
				9A411A1D1A9555AE001544CF /* HGInstagram.app */,
				9A411A391A9555AE001544CF /* HGInstagramTests.xctest */,
			);
			name = Products;
			sourceTree = "<group>";
		};
		9A411A1F1A9555AE001544CF /* HGInstagram */ = {
			isa = PBXGroup;
			children = (
				9A411A241A9555AE001544CF /* AppDelegate.h */,
				9A411A251A9555AE001544CF /* AppDelegate.m */,
				9A411A2A1A9555AE001544CF /* ViewController.h */,
				9A411A2B1A9555AE001544CF /* ViewController.m */,
				9A411A2D1A9555AE001544CF /* Main.storyboard */,
				9A411A301A9555AE001544CF /* Images.xcassets */,
				9A411A321A9555AE001544CF /* LaunchScreen.xib */,
				9A411A271A9555AE001544CF /* HGInstagram.xcdatamodeld */,
				9A411A201A9555AE001544CF /* Supporting Files */,
			);
			path = HGInstagram;
			sourceTree = "<group>";
		};
		9A411A201A9555AE001544CF /* Supporting Files */ = {
			isa = PBXGroup;
			children = (
				9A411A211A9555AE001544CF /* Info.plist */,
				9A411A221A9555AE001544CF /* main.m */,
			);
			name = "Supporting Files";
			sourceTree = "<group>";
		};
		9A411A3C1A9555AE001544CF /* HGInstagramTests */ = {
			isa = PBXGroup;
			children = (
				9A411A3F1A9555AE001544CF /* HGInstagramTests.m */,
				9A411A3D1A9555AE001544CF /* Supporting Files */,
			);
			path = HGInstagramTests;
			sourceTree = "<group>";
		};
		9A411A3D1A9555AE001544CF /* Supporting Files */ = {
			isa = PBXGroup;
			children = (
				9A411A3E1A9555AE001544CF /* Info.plist */,
			);
			name = "Supporting Files";
			sourceTree = "<group>";
		};
/* End PBXGroup section */

/* Begin PBXNativeTarget section */
		9A411A1C1A9555AE001544CF /* HGInstagram */ = {
			isa = PBXNativeTarget;
			buildConfigurationList = 9A411A431A9555AE001544CF /* Build configuration list for PBXNativeTarget "HGInstagram" */;
			buildPhases = (
				9A411A191A9555AE001544CF /* Sources */,
				9A411A1A1A9555AE001544CF /* Frameworks */,
				9A411A1B1A9555AE001544CF /* Resources */,
			);
			buildRules = (
			);
			dependencies = (
			);
			name = HGInstagram;
			productName = HGInstagram;
			productReference = 9A411A1D1A9555AE001544CF /* HGInstagram.app */;
			productType = "com.apple.product-type.application";
		};
		9A411A381A9555AE001544CF /* HGInstagramTests */ = {
			isa = PBXNativeTarget;
			buildConfigurationList = 9A411A461A9555AE001544CF /* Build configuration list for PBXNativeTarget "HGInstagramTests" */;
			buildPhases = (
				9A411A351A9555AE001544CF /* Sources */,
				9A411A361A9555AE001544CF /* Frameworks */,
				9A411A371A9555AE001544CF /* Resources */,
			);
			buildRules = (
			);
			dependencies = (
				9A411A3B1A9555AE001544CF /* PBXTargetDependency */,
			);
			name = HGInstagramTests;
			productName = HGInstagramTests;
			productReference = 9A411A391A9555AE001544CF /* HGInstagramTests.xctest */;
			productType = "com.apple.product-type.bundle.unit-test";
		};
/* End PBXNativeTarget section */

/* Begin PBXProject section */
		9A411A151A9555AE001544CF /* Project object */ = {
			isa = PBXProject;
			attributes = {
				LastUpgradeCheck = 0610;
				ORGANIZATIONNAME = Hugo;
				TargetAttributes = {
					9A411A1C1A9555AE001544CF = {
						CreatedOnToolsVersion = 6.1.1;
					};
					9A411A381A9555AE001544CF = {
						CreatedOnToolsVersion = 6.1.1;
						TestTargetID = 9A411A1C1A9555AE001544CF;
					};
				};
			};
			buildConfigurationList = 9A411A181A9555AE001544CF /* Build configuration list for PBXProject "HGInstagram" */;
			compatibilityVersion = "Xcode 3.2";
			developmentRegion = English;
			hasScannedForEncodings = 0;
			knownRegions = (
				en,
				Base,
			);
			mainGroup = 9A411A141A9555AE001544CF;
			productRefGroup = 9A411A1E1A9555AE001544CF /* Products */;
			projectDirPath = "";
			projectRoot = "";
			targets = (
				9A411A1C1A9555AE001544CF /* HGInstagram */,
				9A411A381A9555AE001544CF /* HGInstagramTests */,
			);
		};
/* End PBXProject section */

/* Begin PBXResourcesBuildPhase section */
		9A411A1B1A9555AE001544CF /* Resources */ = {
			isa = PBXResourcesBuildPhase;
			buildActionMask = 2147483647;
			files = (
				9A411A2F1A9555AE001544CF /* Main.storyboard in Resources */,
				9A411A341A9555AE001544CF /* LaunchScreen.xib in Resources */,
				9A411A311A9555AE001544CF /* Images.xcassets in Resources */,
			);
			runOnlyForDeploymentPostprocessing = 0;
		};
		9A411A371A9555AE001544CF /* Resources */ = {
			isa = PBXResourcesBuildPhase;
			buildActionMask = 2147483647;
			files = (
			);
			runOnlyForDeploymentPostprocessing = 0;
		};
/* End PBXResourcesBuildPhase section */

/* Begin PBXSourcesBuildPhase section */
		9A411A191A9555AE001544CF /* Sources */ = {
			isa = PBXSourcesBuildPhase;
			buildActionMask = 2147483647;
			files = (
				9A411A291A9555AE001544CF /* HGInstagram.xcdatamodeld in Sources */,
				9A411A261A9555AE001544CF /* AppDelegate.m in Sources */,
				9A411A2C1A9555AE001544CF /* ViewController.m in Sources */,
				9A411A231A9555AE001544CF /* main.m in Sources */,
			);
			runOnlyForDeploymentPostprocessing = 0;
		};
		9A411A351A9555AE001544CF /* Sources */ = {
			isa = PBXSourcesBuildPhase;
			buildActionMask = 2147483647;
			files = (
				9A411A401A9555AE001544CF /* HGInstagramTests.m in Sources */,
			);
			runOnlyForDeploymentPostprocessing = 0;
		};
/* End PBXSourcesBuildPhase section */

/* Begin PBXTargetDependency section */
		9A411A3B1A9555AE001544CF /* PBXTargetDependency */ = {
			isa = PBXTargetDependency;
			target = 9A411A1C1A9555AE001544CF /* HGInstagram */;
			targetProxy = 9A411A3A1A9555AE001544CF /* PBXContainerItemProxy */;
		};
/* End PBXTargetDependency section */

/* Begin PBXVariantGroup section */
		9A411A2D1A9555AE001544CF /* Main.storyboard */ = {
			isa = PBXVariantGroup;
			children = (
				9A411A2E1A9555AE001544CF /* Base */,
			);
			name = Main.storyboard;
			sourceTree = "<group>";
		};
		9A411A321A9555AE001544CF /* LaunchScreen.xib */ = {
			isa = PBXVariantGroup;
			children = (
				9A411A331A9555AE001544CF /* Base */,
			);
			name = LaunchScreen.xib;
			sourceTree = "<group>";
		};
/* End PBXVariantGroup section */

/* Begin XCBuildConfiguration section */
		9A411A411A9555AE001544CF /* Debug */ = {
			isa = XCBuildConfiguration;
			buildSettings = {
				ALWAYS_SEARCH_USER_PATHS = NO;
				CLANG_CXX_LANGUAGE_STANDARD = "gnu++0x";
				CLANG_CXX_LIBRARY = "libc++";
				CLANG_ENABLE_MODULES = YES;
				CLANG_ENABLE_OBJC_ARC = YES;
				CLANG_WARN_BOOL_CONVERSION = YES;
				CLANG_WARN_CONSTANT_CONVERSION = YES;
				CLANG_WARN_DIRECT_OBJC_ISA_USAGE = YES_ERROR;
				CLANG_WARN_EMPTY_BODY = YES;
				CLANG_WARN_ENUM_CONVERSION = YES;
				CLANG_WARN_INT_CONVERSION = YES;
				CLANG_WARN_OBJC_ROOT_CLASS = YES_ERROR;
				CLANG_WARN_UNREACHABLE_CODE = YES;
				CLANG_WARN__DUPLICATE_METHOD_MATCH = YES;
				"CODE_SIGN_IDENTITY[sdk=iphoneos*]" = "iPhone Developer";
				COPY_PHASE_STRIP = NO;
				ENABLE_STRICT_OBJC_MSGSEND = YES;
				GCC_C_LANGUAGE_STANDARD = gnu99;
				GCC_DYNAMIC_NO_PIC = NO;
				GCC_OPTIMIZATION_LEVEL = 0;
				GCC_PREPROCESSOR_DEFINITIONS = (
					"DEBUG=1",
					"$(inherited)",
				);
				GCC_SYMBOLS_PRIVATE_EXTERN = NO;
				GCC_WARN_64_TO_32_BIT_CONVERSION = YES;
				GCC_WARN_ABOUT_RETURN_TYPE = YES_ERROR;
				GCC_WARN_UNDECLARED_SELECTOR = YES;
				GCC_WARN_UNINITIALIZED_AUTOS = YES_AGGRESSIVE;
				GCC_WARN_UNUSED_FUNCTION = YES;
				GCC_WARN_UNUSED_VARIABLE = YES;
				IPHONEOS_DEPLOYMENT_TARGET = 8.1;
				MTL_ENABLE_DEBUG_INFO = YES;
				ONLY_ACTIVE_ARCH = YES;
				SDKROOT = iphoneos;
				TARGETED_DEVICE_FAMILY = "1,2";
			};
			name = Debug;
		};
		9A411A421A9555AE001544CF /* Release */ = {
			isa = XCBuildConfiguration;
			buildSettings = {
				ALWAYS_SEARCH_USER_PATHS = NO;
				CLANG_CXX_LANGUAGE_STANDARD = "gnu++0x";
				CLANG_CXX_LIBRARY = "libc++";
				CLANG_ENABLE_MODULES = YES;
				CLANG_ENABLE_OBJC_ARC = YES;
				CLANG_WARN_BOOL_CONVERSION = YES;
				CLANG_WARN_CONSTANT_CONVERSION = YES;
				CLANG_WARN_DIRECT_OBJC_ISA_USAGE = YES_ERROR;
				CLANG_WARN_EMPTY_BODY = YES;
				CLANG_WARN_ENUM_CONVERSION = YES;
				CLANG_WARN_INT_CONVERSION = YES;
				CLANG_WARN_OBJC_ROOT_CLASS = YES_ERROR;
				CLANG_WARN_UNREACHABLE_CODE = YES;
				CLANG_WARN__DUPLICATE_METHOD_MATCH = YES;
				"CODE_SIGN_IDENTITY[sdk=iphoneos*]" = "iPhone Developer";
				COPY_PHASE_STRIP = YES;
				ENABLE_NS_ASSERTIONS = NO;
				ENABLE_STRICT_OBJC_MSGSEND = YES;
				GCC_C_LANGUAGE_STANDARD = gnu99;
				GCC_WARN_64_TO_32_BIT_CONVERSION = YES;
				GCC_WARN_ABOUT_RETURN_TYPE = YES_ERROR;
				GCC_WARN_UNDECLARED_SELECTOR = YES;
				GCC_WARN_UNINITIALIZED_AUTOS = YES_AGGRESSIVE;
				GCC_WARN_UNUSED_FUNCTION = YES;
				GCC_WARN_UNUSED_VARIABLE = YES;
				IPHONEOS_DEPLOYMENT_TARGET = 8.1;
				MTL_ENABLE_DEBUG_INFO = NO;
				SDKROOT = iphoneos;
				TARGETED_DEVICE_FAMILY = "1,2";
				VALIDATE_PRODUCT = YES;
			};
			name = Release;
		};
		9A411A441A9555AE001544CF /* Debug */ = {
			isa = XCBuildConfiguration;
			buildSettings = {
				ASSETCATALOG_COMPILER_APPICON_NAME = AppIcon;
				FRAMEWORK_SEARCH_PATHS = (
					"$(inherited)",
					"$(PROJECT_DIR)",
				);
				INFOPLIST_FILE = HGInstagram/Info.plist;
				LD_RUNPATH_SEARCH_PATHS = "$(inherited) @executable_path/Frameworks";
				PRODUCT_NAME = "$(TARGET_NAME)";
			};
			name = Debug;
		};
		9A411A451A9555AE001544CF /* Release */ = {
			isa = XCBuildConfiguration;
			buildSettings = {
				ASSETCATALOG_COMPILER_APPICON_NAME = AppIcon;
				FRAMEWORK_SEARCH_PATHS = (
					"$(inherited)",
					"$(PROJECT_DIR)",
				);
				INFOPLIST_FILE = HGInstagram/Info.plist;
				LD_RUNPATH_SEARCH_PATHS = "$(inherited) @executable_path/Frameworks";
				PRODUCT_NAME = "$(TARGET_NAME)";
			};
			name = Release;
		};
		9A411A471A9555AE001544CF /* Debug */ = {
			isa = XCBuildConfiguration;
			buildSettings = {
				BUNDLE_LOADER = "$(TEST_HOST)";
				FRAMEWORK_SEARCH_PATHS = (
					"$(SDKROOT)/Developer/Library/Frameworks",
					"$(inherited)",
				);
				GCC_PREPROCESSOR_DEFINITIONS = (
					"DEBUG=1",
					"$(inherited)",
				);
				INFOPLIST_FILE = HGInstagramTests/Info.plist;
				LD_RUNPATH_SEARCH_PATHS = "$(inherited) @executable_path/Frameworks @loader_path/Frameworks";
				PRODUCT_NAME = "$(TARGET_NAME)";
				TEST_HOST = "$(BUILT_PRODUCTS_DIR)/HGInstagram.app/HGInstagram";
			};
			name = Debug;
		};
		9A411A481A9555AE001544CF /* Release */ = {
			isa = XCBuildConfiguration;
			buildSettings = {
				BUNDLE_LOADER = "$(TEST_HOST)";
				FRAMEWORK_SEARCH_PATHS = (
					"$(SDKROOT)/Developer/Library/Frameworks",
					"$(inherited)",
				);
				INFOPLIST_FILE = HGInstagramTests/Info.plist;
				LD_RUNPATH_SEARCH_PATHS = "$(inherited) @executable_path/Frameworks @loader_path/Frameworks";
				PRODUCT_NAME = "$(TARGET_NAME)";
				TEST_HOST = "$(BUILT_PRODUCTS_DIR)/HGInstagram.app/HGInstagram";
			};
			name = Release;
		};
/* End XCBuildConfiguration section */

/* Begin XCConfigurationList section */
		9A411A181A9555AE001544CF /* Build configuration list for PBXProject "HGInstagram" */ = {
			isa = XCConfigurationList;
			buildConfigurations = (
				9A411A411A9555AE001544CF /* Debug */,
				9A411A421A9555AE001544CF /* Release */,
			);
			defaultConfigurationIsVisible = 0;
			defaultConfigurationName = Release;
		};
		9A411A431A9555AE001544CF /* Build configuration list for PBXNativeTarget "HGInstagram" */ = {
			isa = XCConfigurationList;
			buildConfigurations = (
				9A411A441A9555AE001544CF /* Debug */,
				9A411A451A9555AE001544CF /* Release */,
			);
			defaultConfigurationIsVisible = 0;
		};
		9A411A461A9555AE001544CF /* Build configuration list for PBXNativeTarget "HGInstagramTests" */ = {
			isa = XCConfigurationList;
			buildConfigurations = (
				9A411A471A9555AE001544CF /* Debug */,
				9A411A481A9555AE001544CF /* Release */,
			);
			defaultConfigurationIsVisible = 0;
		};
/* End XCConfigurationList section */

/* Begin XCVersionGroup section */
		9A411A271A9555AE001544CF /* HGInstagram.xcdatamodeld */ = {
			isa = XCVersionGroup;
			children = (
				9A411A281A9555AE001544CF /* HGInstagram.xcdatamodel */,
			);
			currentVersion = 9A411A281A9555AE001544CF /* HGInstagram.xcdatamodel */;
			path = HGInstagram.xcdatamodeld;
			sourceTree = "<group>";
			versionGroupType = wrapper.xcdatamodel;
		};
/* End XCVersionGroup section */
	};
	rootObject = 9A411A151A9555AE001544CF /* Project object */;
}
